# This file is automatically @generated by Cargo.
# It is not intended for manual editing.
[[package]]
name = "libc"
version = "0.2.55"
source = "registry+https://github.com/rust-lang/crates.io-index"

[[package]]
name = "libpulse-binding"
version = "2.6.0"
source = "registry+https://github.com/rust-lang/crates.io-index"
dependencies = [
 "libc 0.2.55 (registry+https://github.com/rust-lang/crates.io-index)",
 "libpulse-sys 1.5.0 (registry+https://github.com/rust-lang/crates.io-index)",
]

[[package]]
name = "libpulse-simple-binding"
version = "2.6.1"
source = "registry+https://github.com/rust-lang/crates.io-index"
dependencies = [
 "libpulse-binding 2.6.0 (registry+https://github.com/rust-lang/crates.io-index)",
 "libpulse-simple-sys 1.5.0 (registry+https://github.com/rust-lang/crates.io-index)",
 "libpulse-sys 1.5.0 (registry+https://github.com/rust-lang/crates.io-index)",
]

[[package]]
name = "libpulse-simple-sys"
version = "1.5.0"
source = "registry+https://github.com/rust-lang/crates.io-index"
dependencies = [
 "libpulse-sys 1.5.0 (registry+https://github.com/rust-lang/crates.io-index)",
 "pkg-config 0.3.14 (registry+https://github.com/rust-lang/crates.io-index)",
]

[[package]]
name = "libpulse-sys"
version = "1.5.0"
source = "registry+https://github.com/rust-lang/crates.io-index"
dependencies = [
 "libc 0.2.55 (registry+https://github.com/rust-lang/crates.io-index)",
 "pkg-config 0.3.14 (registry+https://github.com/rust-lang/crates.io-index)",
]

[[package]]
name = "numtoa"
version = "0.1.0"
source = "registry+https://github.com/rust-lang/crates.io-index"

[[package]]
name = "pkg-config"
version = "0.3.14"
source = "registry+https://github.com/rust-lang/crates.io-index"

[[package]]
name = "redox_syscall"
version = "0.1.54"
source = "registry+https://github.com/rust-lang/crates.io-index"

[[package]]
name = "redox_termios"
version = "0.1.1"
source = "registry+https://github.com/rust-lang/crates.io-index"
dependencies = [
 "redox_syscall 0.1.54 (registry+https://github.com/rust-lang/crates.io-index)",
]

[[package]]
name = "sparkles"
version = "0.1.0"
dependencies = [
 "libpulse-binding 2.6.0 (registry+https://github.com/rust-lang/crates.io-index)",
 "libpulse-simple-binding 2.6.1 (registry+https://github.com/rust-lang/crates.io-index)",
 "termion 1.5.2 (registry+https://github.com/rust-lang/crates.io-index)",
]

[[package]]
name = "termion"
version = "1.5.2"
source = "registry+https://github.com/rust-lang/crates.io-index"
dependencies = [
 "libc 0.2.55 (registry+https://github.com/rust-lang/crates.io-index)",
 "numtoa 0.1.0 (registry+https://github.com/rust-lang/crates.io-index)",
 "redox_syscall 0.1.54 (registry+https://github.com/rust-lang/crates.io-index)",
 "redox_termios 0.1.1 (registry+https://github.com/rust-lang/crates.io-index)",
]

[metadata]
"checksum libc 0.2.55 (registry+https://github.com/rust-lang/crates.io-index)" = "42914d39aad277d9e176efbdad68acb1d5443ab65afe0e0e4f0d49352a950880"
"checksum libpulse-binding 2.6.0 (registry+https://github.com/rust-lang/crates.io-index)" = "49e7378bffd76492e876a0afb9a016359379a6b5a859fecd039248f76ce719fb"
"checksum libpulse-simple-binding 2.6.1 (registry+https://github.com/rust-lang/crates.io-index)" = "79c20690cfd7d324bbabdd655b83bd94212ceaffbdbed34850bf465b6f153be5"
"checksum libpulse-simple-sys 1.5.0 (registry+https://github.com/rust-lang/crates.io-index)" = "6f2c1ef29fec58bb0dac885251581fdecc2df4048179ad6150027c85b7b8fe7f"
"checksum libpulse-sys 1.5.0 (registry+https://github.com/rust-lang/crates.io-index)" = "8dcac117c7e9fb50fe162d5fbc6b3818819bd173922f648fae017f913de68520"
"checksum numtoa 0.1.0 (registry+https://github.com/rust-lang/crates.io-index)" = "b8f8bdf33df195859076e54ab11ee78a1b208382d3a26ec40d142ffc1ecc49ef"
"checksum pkg-config 0.3.14 (registry+https://github.com/rust-lang/crates.io-index)" = "676e8eb2b1b4c9043511a9b7bea0915320d7e502b0a079fb03f9635a5252b18c"
"checksum redox_syscall 0.1.54 (registry+https://github.com/rust-lang/crates.io-index)" = "12229c14a0f65c4f1cb046a3b52047cdd9da1f4b30f8a39c5063c8bae515e252"
"checksum redox_termios 0.1.1 (registry+https://github.com/rust-lang/crates.io-index)" = "7e891cfe48e9100a70a3b6eb652fef28920c117d366339687bd5576160db0f76"
"checksum termion 1.5.2 (registry+https://github.com/rust-lang/crates.io-index)" = "dde0593aeb8d47accea5392b39350015b5eccb12c0d98044d856983d89548dea"
